lockfileVersion: '9.0'

settings:
  autoInstallPeers: true
  excludeLinksFromLockfile: false

importers:

  .:
    dependencies:
      '@deepseek-ai/dsh-session-format-catalog':
        specifier: 0.1.6-alpha.2
        version: 0.1.6-alpha.2(@deepseek-ai/cordis@4.0.2)(@deepseek-ai/dsh-agent@0.1.6-alpha.2(44110910133b3cc261ea9dfdcaed39ee))(@deepseek-ai/dsh-compaction@0.1.6-alpha.2(f65e42994ee9cf02083cafb7b20967b8))(@deepseek-ai/dsh-llm@0.1.6-alpha.2(@deepseek-ai/cordis@4.0.2))(@deepseek-ai/dsh-session@0.1.6-alpha.2(@deepseek-ai/cordis@4.0.2)(@deepseek-ai/dsh-scope@0.1.6-alpha.2(@deepseek-ai/cordis@4.0.2)(@deepseek-ai/dsh-invariants@0.1.6-alpha.2(@deepseek-ai/cordis@4.0.2))))
    devDependencies:
      '@playwright/test':
        specifier: 1.63.0
        version: 1.63.0

packages:

  '@deepseek-ai/cordis@4.0.2':
    resolution: {integrity: sha512-asOnXP1TzFSFQlHb1iegDZp0z/8WD1c7YNrwJR/Tx2bzNuMXfcekE/I67Iv6SQXeLB4csxqCngzQKANP7gdw0g==}
    hasBin: true
    peerDependencies:
      '@deepseek-ai/cordis-plugin-include': ^1.0.7
      '@deepseek-ai/cordis-plugin-loader': ^1.0.3
    peerDependenciesMeta:
      '@deepseek-ai/cordis-plugin-include':
        optional: true
      '@deepseek-ai/cordis-plugin-loader':
        optional: true

  '@deepseek-ai/cosmokit@1.8.3':
    resolution: {integrity: sha512-qBo+ronVM6Eu2WNVJXi8JcMiqZ19T9BRIpV+5qJUFPXjGH/Z0QKcQMC/IZJ7L394YTOtJgcovbk9qP0w2GsBXQ==}

  '@deepseek-ai/dsh-agent@0.1.6-alpha.2':
    resolution: {integrity: sha512-XEOytfXmJG6dyHld3Np0IYRrVPJnuoKKx2yQ+o74a7cN89k+J61c33D7zIcDG5rLkF7sMNM608ZkhfCWJuTcjg==}
    peerDependencies:
      '@deepseek-ai/cordis': ^4.0.2
      '@deepseek-ai/dsh-invariants': ^0.1.6-alpha.2
      '@deepseek-ai/dsh-llm': ^0.1.6-alpha.2
      '@deepseek-ai/dsh-scope': ^0.1.6-alpha.2
      '@deepseek-ai/dsh-session': ^0.1.6-alpha.2
      '@deepseek-ai/dsh-session-projection': ^0.1.6-alpha.2
      '@deepseek-ai/dsh-system-prompt': ^0.1.6-alpha.2
      '@deepseek-ai/dsh-typert-protocol': ^0.1.6-alpha.2
      '@deepseek-ai/dsh-util-values': ^0.1.6-alpha.2

  '@deepseek-ai/dsh-attachment@0.1.6-alpha.2':
    resolution: {integrity: sha512-dv3s/FrFuZwmcBfWzWozj9khlb8LrFSCgz/spGsEg6l9zka1Wu3ZkHDcE+CRsM+fyCD/z/jTClMOkQ2DIMw5wQ==}
    peerDependencies:
      '@deepseek-ai/cordis': ^4.0.2
      '@deepseek-ai/dsh-brand': ^0.1.6-alpha.2

  '@deepseek-ai/dsh-brand@0.1.6-alpha.2':
    resolution: {integrity: sha512-Fx+GKwkTjTVf6drn888j7vF5ak0/6mxHDF1bYH4FBsRI+h/8UmPAgIV5fAfT63GqBSXdgmVe/hdzdmXS2nq6Eg==}
    peerDependencies:
      '@deepseek-ai/cordis': ^4.0.2

  '@deepseek-ai/dsh-commands@0.1.6-alpha.2':
    resolution: {integrity: sha512-u90h9UUy5maUzmNZJn3jRjqFXKzvWMIX6RtD4YDy0sJsEFBkZTupBO4cITNd8w4s3tYBKSUAltZqxgxSE4Ngaw==}
    peerDependencies:
      '@deepseek-ai/cordis': ^4.0.2
      '@deepseek-ai/dsh-agent': ^0.1.6-alpha.2
      '@deepseek-ai/dsh-attachment': ^0.1.6-alpha.2
      '@deepseek-ai/dsh-brand': ^0.1.6-alpha.2
      '@deepseek-ai/dsh-invariants': ^0.1.6-alpha.2
      '@deepseek-ai/dsh-llm': ^0.1.6-alpha.2
      '@deepseek-ai/dsh-scope': ^0.1.6-alpha.2
      '@deepseek-ai/dsh-session': ^0.1.6-alpha.2
      '@deepseek-ai/dsh-typert-protocol': ^0.1.6-alpha.2

  '@deepseek-ai/dsh-compaction-image-offload@0.1.6-alpha.2':
    resolution: {integrity: sha512-mYJjxjbq48nHeExbvdsDuXlxG9FnA8wtS4zqH2TP/d6AiMYIZOVkEpVA6Fk94Vcr310XcALPwv4pl5PU0GHE3w==}
    peerDependencies:
      '@deepseek-ai/cordis': ^4.0.2
      '@deepseek-ai/dsh-agent': ^0.1.6-alpha.2
      '@deepseek-ai/dsh-compaction': ^0.1.6-alpha.2
      '@deepseek-ai/dsh-llm': ^0.1.6-alpha.2
      '@deepseek-ai/dsh-session': ^0.1.6-alpha.2

  '@deepseek-ai/dsh-compaction@0.1.6-alpha.2':
    resolution: {integrity: sha512-jS580ZgaBOX9XjcEXetcSowuUeNK249HUuxJMpNL7JjPz2q+IwQYE4UDRNjAyBaArMp24rc2RhGJYdfse8k1ZA==}
    peerDependencies:
      '@deepseek-ai/cordis': ^4.0.2
      '@deepseek-ai/dsh-brand': ^0.1.6-alpha.2
      '@deepseek-ai/dsh-commands': ^0.1.6-alpha.2
      '@deepseek-ai/dsh-invariants': ^0.1.6-alpha.2
      '@deepseek-ai/dsh-llm': ^0.1.6-alpha.2
      '@deepseek-ai/dsh-session': ^0.1.6-alpha.2

  '@deepseek-ai/dsh-invariants@0.1.6-alpha.2':
    resolution: {integrity: sha512-YS4DysoPqwFx02istRp2FHN8XmJPRoPDc+pu56b/UtHovqIFzcX4QepQ4yRESDQ4SOO44KZBg72RxXma/9ziVw==}
    peerDependencies:
      '@deepseek-ai/cordis': ^4.0.2

  '@deepseek-ai/dsh-llm@0.1.6-alpha.2':
    resolution: {integrity: sha512-kIQoqnD6jN3Z2qQ+gd0TrIwkEDfUZAPC3kkTUUv2yQm1GeDjB7JULwT1vGAKTbEqOhOpVfKhdp4wItpG5PclfA==}
    peerDependencies:
      '@deepseek-ai/cordis': ^4.0.2

  '@deepseek-ai/dsh-scope@0.1.6-alpha.2':
    resolution: {integrity: sha512-nbh9kxekeiZPYVG2Up3ufJsDZRHrXaBqOGutERMBw1IfFjE8EXZReDQV9F8qP1hQKIF1xkxFcGaPcFPbxJwDAw==}
    peerDependencies:
      '@deepseek-ai/cordis': ^4.0.2
      '@deepseek-ai/dsh-invariants': ^0.1.6-alpha.2

  '@deepseek-ai/dsh-session-format-catalog@0.1.6-alpha.2':
    resolution: {integrity: sha512-+++F17ZVq1FaH/vMlAUfs2P0eQHvBpntrCbfTcjkUd6wt6bmgXwtLS3rJhtyOeZ/+9yaBg5kJF7nn2Rm3PdNDA==}
    peerDependencies:
      '@deepseek-ai/cordis': ^4.0.2
      '@deepseek-ai/dsh-session': ^0.1.6-alpha.2

  '@deepseek-ai/dsh-session-format-v0-to-v1@0.1.6-alpha.2':
    resolution: {integrity: sha512-ICKbie7Db+FgjYkdUTx8gD0M4UjDMXdrvxIyIEbxggfG9s92bMEG9m6l9vd+yCeKWiguJNsL21fZfAAU8aeRcw==}
    peerDependencies:
      '@deepseek-ai/cordis': ^4.0.2

  '@deepseek-ai/dsh-session-format-v1-to-v2@0.1.6-alpha.2':
    resolution: {integrity: sha512-Gx4ucbohIyFsdtXvKofN8hBe1Wp7nL2L7BeUH9JA4U6k417MhFTCu7fx3cTEbGl7keVLz2vjnshjNqhhotpLbg==}
    peerDependencies:
      '@deepseek-ai/cordis': ^4.0.2

  '@deepseek-ai/dsh-session-format-v2-to-v3@0.1.6-alpha.2':
    resolution: {integrity: sha512-eLpl5/mBOBsF6iIUQgegr5wLx50BdST31fDPlf1FwelqTVcIPybQftsjrz2Ezb0JSVRscVwvh2gqI6Pn3Qb2IA==}
    peerDependencies:
      '@deepseek-ai/cordis': ^4.0.2

  '@deepseek-ai/dsh-session-format@0.1.6-alpha.2':
    resolution: {integrity: sha512-KM1VvrasXgi3Hs5Y1d2NhIVetUnP9wzaecghsXTsGH1NfZ12bYvMB5nmtVgqp2vYrnqZVn8IuOJHSR8AlBa7yQ==}
    peerDependencies:
      '@deepseek-ai/cordis': ^4.0.2

  '@deepseek-ai/dsh-session-projection@0.1.6-alpha.2':
    resolution: {integrity: sha512-ig+XpRxv5N+gSpfy3IajvG5AlFm2UKfTKqqtem4DXwxCHIPoRbZnYWgwd/qFIl1bNNJHL6z1zjnOGGNeO640GA==}
    peerDependencies:
      '@deepseek-ai/cordis': ^4.0.2
      '@deepseek-ai/dsh-session': ^0.1.6-alpha.2

  '@deepseek-ai/dsh-session@0.1.6-alpha.2':
    resolution: {integrity: sha512-WQNriZEQb0ykg+SDvqvNbp/AmG/DnydY5YdkTm5u3ST+PNXSQDLkaFzlY2YFU6hEuzs1h0yGCw6qPVpVGDAm1g==}
    peerDependencies:
      '@deepseek-ai/cordis': ^4.0.2
      '@deepseek-ai/dsh-scope': ^0.1.6-alpha.2

  '@deepseek-ai/dsh-system-prompt@0.1.6-alpha.2':
    resolution: {integrity: sha512-nP+gpLPy4S1c8Rv3uZpmYB6J7gnMBwmehYWd/3oqPTWtcezj0L5opFkdfzrCrwEQLPgnTRgmr99OnBaJy2vZSQ==}
    peerDependencies:
      '@deepseek-ai/cordis': ^4.0.2
      '@deepseek-ai/dsh-invariants': ^0.1.6-alpha.2
      '@deepseek-ai/dsh-llm': ^0.1.6-alpha.2
      '@deepseek-ai/dsh-scope': ^0.1.6-alpha.2

  '@deepseek-ai/dsh-timeout@0.1.6-alpha.2':
    resolution: {integrity: sha512-Hdcv+GMyfJVENm7CFEjztwbpDfsND10HZ+Q/9Nnw5UqlCkyQd8alhW+I2xIDTZQVvlDnRcu6l8ix1k2OOmiFSA==}
    peerDependencies:
      '@deepseek-ai/cordis': ^4.0.2

  '@deepseek-ai/dsh-typert-protocol@0.1.6-alpha.2':
    resolution: {integrity: sha512-rC0XtllnwXXr+956y5r9E1CQIe/BA7AoNVZVW3+4srF7i4BoH90j64g4c3U+KsNLFC4dCOufNJ15kXKrMLMauQ==}
    peerDependencies:
      '@deepseek-ai/cordis': ^4.0.2

  '@deepseek-ai/dsh-util-crypto@0.1.6-alpha.2':
    resolution: {integrity: sha512-Jn+3w5pp+rBOSFekvtNWQAx2+M08ZxJmlVYn7OI6l5Gd9ISq4/T0v4yE07O9s7uU5zr7yZ9nq5CTUpcXCrBrxw==}
    peerDependencies:
      '@deepseek-ai/cordis': ^4.0.2

  '@deepseek-ai/dsh-util-values@0.1.6-alpha.2':
    resolution: {integrity: sha512-9p+4ffFjq7OIeYqvHlIhKs85MZrirdu9QYi+vknOwkgszZXAgoRbPnX0ZzhsTneFSqQgLEfBXtUHUtOI1iiB/Q==}
    peerDependencies:
      '@deepseek-ai/cordis': ^4.0.2

  '@deepseek-ai/schemastery@3.18.2':
    resolution: {integrity: sha512-njDtZsznjYxok7KLLlHOPyuv2efdWVbSflAHgztSfbMsg+CVraEoRe2DjOCgClYv3ZCSm7WXoaUkbB/+RY7tWQ==}

  '@playwright/test@1.63.0':
    resolution: {integrity: sha512-oxMK4vllB9RK5NQ2l1pq1IfOf2AvnEuj/vYGDj0H2nMtmtZpKtCwt/l00GEO6xjGfpBNAvjovvYdCm50dRQkpQ==}
    engines: {node: '>=20'}
    hasBin: true

  '@standard-schema/spec@1.1.0':
    resolution: {integrity: sha512-l2aFy5jALhniG5HgqrD6jXLi/rUWrKvqN/qJx6yoJsgKhblVd+iqqU4RCXavm/jPityDo5TCvKMnpjKnOriy0w==}

  playwright-core@1.63.0:
    resolution: {integrity: sha512-rYCsBF/M5HjUch52bbtVONEFjv6Xu8sm8h72dNlR5bzIE1fvC/bxgspzkjSfU+MweEMmPM8KJebG6nnyxo5mCg==}
    engines: {node: '>=20'}
    hasBin: true

  playwright@1.63.0:
    resolution: {integrity: sha512-+7ziBLidS4NaNCdt57SUDT+wYmmd5fmiQejUic/kb+YsYSCPyOOE9sebzMjNmQrsnNpDJqd4WHvV/8lfKfUDUg==}
    engines: {node: '>=20'}
    hasBin: true

  zod@4.6.5:
    resolution: {integrity: sha512-v5l/aFXZQeai4awLbOpSoHecE9UiMrnfx75tEXLjNonXVARxQ5mOeipTjROUchszUNCqnE+hqAMujRsRHsut2Q==}

snapshots:

  '@deepseek-ai/cordis@4.0.2':
    dependencies:
      '@deepseek-ai/cosmokit': 1.8.3
      '@standard-schema/spec': 1.1.0

  '@deepseek-ai/cosmokit@1.8.3': {}

  '@deepseek-ai/dsh-agent@0.1.6-alpha.2(44110910133b3cc261ea9dfdcaed39ee)':
    dependencies:
      '@deepseek-ai/cordis': 4.0.2
      '@deepseek-ai/dsh-invariants': 0.1.6-alpha.2(@deepseek-ai/cordis@4.0.2)
      '@deepseek-ai/dsh-llm': 0.1.6-alpha.2(@deepseek-ai/cordis@4.0.2)
      '@deepseek-ai/dsh-scope': 0.1.6-alpha.2(@deepseek-ai/cordis@4.0.2)(@deepseek-ai/dsh-invariants@0.1.6-alpha.2(@deepseek-ai/cordis@4.0.2))
      '@deepseek-ai/dsh-session': 0.1.6-alpha.2(@deepseek-ai/cordis@4.0.2)(@deepseek-ai/dsh-scope@0.1.6-alpha.2(@deepseek-ai/cordis@4.0.2)(@deepseek-ai/dsh-invariants@0.1.6-alpha.2(@deepseek-ai/cordis@4.0.2)))
      '@deepseek-ai/dsh-session-projection': 0.1.6-alpha.2(@deepseek-ai/cordis@4.0.2)(@deepseek-ai/dsh-session@0.1.6-alpha.2(@deepseek-ai/cordis@4.0.2)(@deepseek-ai/dsh-scope@0.1.6-alpha.2(@deepseek-ai/cordis@4.0.2)(@deepseek-ai/dsh-invariants@0.1.6-alpha.2(@deepseek-ai/cordis@4.0.2))))
      '@deepseek-ai/dsh-system-prompt': 0.1.6-alpha.2(@deepseek-ai/cordis@4.0.2)(@deepseek-ai/dsh-invariants@0.1.6-alpha.2(@deepseek-ai/cordis@4.0.2))(@deepseek-ai/dsh-llm@0.1.6-alpha.2(@deepseek-ai/cordis@4.0.2))(@deepseek-ai/dsh-scope@0.1.6-alpha.2(@deepseek-ai/cordis@4.0.2)(@deepseek-ai/dsh-invariants@0.1.6-alpha.2(@deepseek-ai/cordis@4.0.2)))
      '@deepseek-ai/dsh-typert-protocol': 0.1.6-alpha.2(@deepseek-ai/cordis@4.0.2)
      '@deepseek-ai/dsh-util-values': 0.1.6-alpha.2(@deepseek-ai/cordis@4.0.2)

  '@deepseek-ai/dsh-attachment@0.1.6-alpha.2(@deepseek-ai/cordis@4.0.2)(@deepseek-ai/dsh-brand@0.1.6-alpha.2(@deepseek-ai/cordis@4.0.2))':
    dependencies:
      '@deepseek-ai/cordis': 4.0.2
      '@deepseek-ai/dsh-brand': 0.1.6-alpha.2(@deepseek-ai/cordis@4.0.2)

  '@deepseek-ai/dsh-brand@0.1.6-alpha.2(@deepseek-ai/cordis@4.0.2)':
    dependencies:
      '@deepseek-ai/cordis': 4.0.2

  '@deepseek-ai/dsh-commands@0.1.6-alpha.2(@deepseek-ai/cordis@4.0.2)(@deepseek-ai/dsh-agent@0.1.6-alpha.2(44110910133b3cc261ea9dfdcaed39ee))(@deepseek-ai/dsh-attachment@0.1.6-alpha.2(@deepseek-ai/cordis@4.0.2)(@deepseek-ai/dsh-brand@0.1.6-alpha.2(@deepseek-ai/cordis@4.0.2)))(@deepseek-ai/dsh-brand@0.1.6-alpha.2(@deepseek-ai/cordis@4.0.2))(@deepseek-ai/dsh-invariants@0.1.6-alpha.2(@deepseek-ai/cordis@4.0.2))(@deepseek-ai/dsh-llm@0.1.6-alpha.2(@deepseek-ai/cordis@4.0.2))(@deepseek-ai/dsh-scope@0.1.6-alpha.2(@deepseek-ai/cordis@4.0.2)(@deepseek-ai/dsh-invariants@0.1.6-alpha.2(@deepseek-ai/cordis@4.0.2)))(@deepseek-ai/dsh-session@0.1.6-alpha.2(@deepseek-ai/cordis@4.0.2)(@deepseek-ai/dsh-scope@0.1.6-alpha.2(@deepseek-ai/cordis@4.0.2)(@deepseek-ai/dsh-invariants@0.1.6-alpha.2(@deepseek-ai/cordis@4.0.2))))(@deepseek-ai/dsh-typert-protocol@0.1.6-alpha.2(@deepseek-ai/cordis@4.0.2))':
    dependencies:
      '@deepseek-ai/cordis': 4.0.2
      '@deepseek-ai/dsh-agent': 0.1.6-alpha.2(44110910133b3cc261ea9dfdcaed39ee)
      '@deepseek-ai/dsh-attachment': 0.1.6-alpha.2(@deepseek-ai/cordis@4.0.2)(@deepseek-ai/dsh-brand@0.1.6-alpha.2(@deepseek-ai/cordis@4.0.2))
      '@deepseek-ai/dsh-brand': 0.1.6-alpha.2(@deepseek-ai/cordis@4.0.2)
      '@deepseek-ai/dsh-invariants': 0.1.6-alpha.2(@deepseek-ai/cordis@4.0.2)
      '@deepseek-ai/dsh-llm': 0.1.6-alpha.2(@deepseek-ai/cordis@4.0.2)
      '@deepseek-ai/dsh-scope': 0.1.6-alpha.2(@deepseek-ai/cordis@4.0.2)(@deepseek-ai/dsh-invariants@0.1.6-alpha.2(@deepseek-ai/cordis@4.0.2))
      '@deepseek-ai/dsh-session': 0.1.6-alpha.2(@deepseek-ai/cordis@4.0.2)(@deepseek-ai/dsh-scope@0.1.6-alpha.2(@deepseek-ai/cordis@4.0.2)(@deepseek-ai/dsh-invariants@0.1.6-alpha.2(@deepseek-ai/cordis@4.0.2)))
      '@deepseek-ai/dsh-typert-protocol': 0.1.6-alpha.2(@deepseek-ai/cordis@4.0.2)
      '@deepseek-ai/dsh-util-crypto': 0.1.6-alpha.2(@deepseek-ai/cordis@4.0.2)
      zod: 4.6.5

  '@deepseek-ai/dsh-compaction-image-offload@0.1.6-alpha.2(@deepseek-ai/cordis@4.0.2)(@deepseek-ai/dsh-agent@0.1.6-alpha.2(44110910133b3cc261ea9dfdcaed39ee))(@deepseek-ai/dsh-compaction@0.1.6-alpha.2(f65e42994ee9cf02083cafb7b20967b8))(@deepseek-ai/dsh-llm@0.1.6-alpha.2(@deepseek-ai/cordis@4.0.2))(@deepseek-ai/dsh-session@0.1.6-alpha.2(@deepseek-ai/cordis@4.0.2)(@deepseek-ai/dsh-scope@0.1.6-alpha.2(@deepseek-ai/cordis@4.0.2)(@deepseek-ai/dsh-invariants@0.1.6-alpha.2(@deepseek-ai/cordis@4.0.2))))':
    dependencies:
      '@deepseek-ai/cordis': 4.0.2
      '@deepseek-ai/dsh-agent': 0.1.6-alpha.2(44110910133b3cc261ea9dfdcaed39ee)
      '@deepseek-ai/dsh-compaction': 0.1.6-alpha.2(f65e42994ee9cf02083cafb7b20967b8)
      '@deepseek-ai/dsh-llm': 0.1.6-alpha.2(@deepseek-ai/cordis@4.0.2)
      '@deepseek-ai/dsh-session': 0.1.6-alpha.2(@deepseek-ai/cordis@4.0.2)(@deepseek-ai/dsh-scope@0.1.6-alpha.2(@deepseek-ai/cordis@4.0.2)(@deepseek-ai/dsh-invariants@0.1.6-alpha.2(@deepseek-ai/cordis@4.0.2)))
      '@deepseek-ai/dsh-util-values': 0.1.6-alpha.2(@deepseek-ai/cordis@4.0.2)

  '@deepseek-ai/dsh-compaction@0.1.6-alpha.2(f65e42994ee9cf02083cafb7b20967b8)':
    dependencies:
      '@deepseek-ai/cordis': 4.0.2
      '@deepseek-ai/dsh-brand': 0.1.6-alpha.2(@deepseek-ai/cordis@4.0.2)
      '@deepseek-ai/dsh-commands': 0.1.6-alpha.2(@deepseek-ai/cordis@4.0.2)(@deepseek-ai/dsh-agent@0.1.6-alpha.2(44110910133b3cc261ea9dfdcaed39ee))(@deepseek-ai/dsh-attachment@0.1.6-alpha.2(@deepseek-ai/cordis@4.0.2)(@deepseek-ai/dsh-brand@0.1.6-alpha.2(@deepseek-ai/cordis@4.0.2)))(@deepseek-ai/dsh-brand@0.1.6-alpha.2(@deepseek-ai/cordis@4.0.2))(@deepseek-ai/dsh-invariants@0.1.6-alpha.2(@deepseek-ai/cordis@4.0.2))(@deepseek-ai/dsh-llm@0.1.6-alpha.2(@deepseek-ai/cordis@4.0.2))(@deepseek-ai/dsh-scope@0.1.6-alpha.2(@deepseek-ai/cordis@4.0.2)(@deepseek-ai/dsh-invariants@0.1.6-alpha.2(@deepseek-ai/cordis@4.0.2)))(@deepseek-ai/dsh-session@0.1.6-alpha.2(@deepseek-ai/cordis@4.0.2)(@deepseek-ai/dsh-scope@0.1.6-alpha.2(@deepseek-ai/cordis@4.0.2)(@deepseek-ai/dsh-invariants@0.1.6-alpha.2(@deepseek-ai/cordis@4.0.2))))(@deepseek-ai/dsh-typert-protocol@0.1.6-alpha.2(@deepseek-ai/cordis@4.0.2))
      '@deepseek-ai/dsh-invariants': 0.1.6-alpha.2(@deepseek-ai/cordis@4.0.2)
      '@deepseek-ai/dsh-llm': 0.1.6-alpha.2(@deepseek-ai/cordis@4.0.2)
      '@deepseek-ai/dsh-session': 0.1.6-alpha.2(@deepseek-ai/cordis@4.0.2)(@deepseek-ai/dsh-scope@0.1.6-alpha.2(@deepseek-ai/cordis@4.0.2)(@deepseek-ai/dsh-invariants@0.1.6-alpha.2(@deepseek-ai/cordis@4.0.2)))

  '@deepseek-ai/dsh-invariants@0.1.6-alpha.2(@deepseek-ai/cordis@4.0.2)':
    dependencies:
      '@deepseek-ai/cordis': 4.0.2
      '@deepseek-ai/schemastery': 3.18.2

  '@deepseek-ai/dsh-llm@0.1.6-alpha.2(@deepseek-ai/cordis@4.0.2)':
    dependencies:
      '@deepseek-ai/cordis': 4.0.2
      '@deepseek-ai/dsh-brand': 0.1.6-alpha.2(@deepseek-ai/cordis@4.0.2)
      '@deepseek-ai/dsh-timeout': 0.1.6-alpha.2(@deepseek-ai/cordis@4.0.2)
      '@deepseek-ai/dsh-typert-protocol': 0.1.6-alpha.2(@deepseek-ai/cordis@4.0.2)
      '@deepseek-ai/dsh-util-crypto': 0.1.6-alpha.2(@deepseek-ai/cordis@4.0.2)
      '@deepseek-ai/dsh-util-values': 0.1.6-alpha.2(@deepseek-ai/cordis@4.0.2)
      '@deepseek-ai/schemastery': 3.18.2
      zod: 4.6.5

  '@deepseek-ai/dsh-scope@0.1.6-alpha.2(@deepseek-ai/cordis@4.0.2)(@deepseek-ai/dsh-invariants@0.1.6-alpha.2(@deepseek-ai/cordis@4.0.2))':
    dependencies:
      '@deepseek-ai/cordis': 4.0.2
      '@deepseek-ai/dsh-invariants': 0.1.6-alpha.2(@deepseek-ai/cordis@4.0.2)

  '@deepseek-ai/dsh-session-format-catalog@0.1.6-alpha.2(@deepseek-ai/cordis@4.0.2)(@deepseek-ai/dsh-agent@0.1.6-alpha.2(44110910133b3cc261ea9dfdcaed39ee))(@deepseek-ai/dsh-compaction@0.1.6-alpha.2(f65e42994ee9cf02083cafb7b20967b8))(@deepseek-ai/dsh-llm@0.1.6-alpha.2(@deepseek-ai/cordis@4.0.2))(@deepseek-ai/dsh-session@0.1.6-alpha.2(@deepseek-ai/cordis@4.0.2)(@deepseek-ai/dsh-scope@0.1.6-alpha.2(@deepseek-ai/cordis@4.0.2)(@deepseek-ai/dsh-invariants@0.1.6-alpha.2(@deepseek-ai/cordis@4.0.2))))':
    dependencies:
      '@deepseek-ai/cordis': 4.0.2
      '@deepseek-ai/dsh-compaction-image-offload': 0.1.6-alpha.2(@deepseek-ai/cordis@4.0.2)(@deepseek-ai/dsh-agent@0.1.6-alpha.2(44110910133b3cc261ea9dfdcaed39ee))(@deepseek-ai/dsh-compaction@0.1.6-alpha.2(f65e42994ee9cf02083cafb7b20967b8))(@deepseek-ai/dsh-llm@0.1.6-alpha.2(@deepseek-ai/cordis@4.0.2))(@deepseek-ai/dsh-session@0.1.6-alpha.2(@deepseek-ai/cordis@4.0.2)(@deepseek-ai/dsh-scope@0.1.6-alpha.2(@deepseek-ai/cordis@4.0.2)(@deepseek-ai/dsh-invariants@0.1.6-alpha.2(@deepseek-ai/cordis@4.0.2))))
      '@deepseek-ai/dsh-session': 0.1.6-alpha.2(@deepseek-ai/cordis@4.0.2)(@deepseek-ai/dsh-scope@0.1.6-alpha.2(@deepseek-ai/cordis@4.0.2)(@deepseek-ai/dsh-invariants@0.1.6-alpha.2(@deepseek-ai/cordis@4.0.2)))
      '@deepseek-ai/dsh-session-format': 0.1.6-alpha.2(@deepseek-ai/cordis@4.0.2)
      '@deepseek-ai/dsh-session-format-v0-to-v1': 0.1.6-alpha.2(@deepseek-ai/cordis@4.0.2)
      '@deepseek-ai/dsh-session-format-v1-to-v2': 0.1.6-alpha.2(@deepseek-ai/cordis@4.0.2)
      '@deepseek-ai/dsh-session-format-v2-to-v3': 0.1.6-alpha.2(@deepseek-ai/cordis@4.0.2)
    transitivePeerDependencies:
      - '@deepseek-ai/dsh-agent'
      - '@deepseek-ai/dsh-compaction'
      - '@deepseek-ai/dsh-llm'

  '@deepseek-ai/dsh-session-format-v0-to-v1@0.1.6-alpha.2(@deepseek-ai/cordis@4.0.2)':
    dependencies:
      '@deepseek-ai/cordis': 4.0.2
      '@deepseek-ai/dsh-session-format': 0.1.6-alpha.2(@deepseek-ai/cordis@4.0.2)
      '@deepseek-ai/dsh-util-values': 0.1.6-alpha.2(@deepseek-ai/cordis@4.0.2)

  '@deepseek-ai/dsh-session-format-v1-to-v2@0.1.6-alpha.2(@deepseek-ai/cordis@4.0.2)':
    dependencies:
      '@deepseek-ai/cordis': 4.0.2
      '@deepseek-ai/dsh-llm': 0.1.6-alpha.2(@deepseek-ai/cordis@4.0.2)
      '@deepseek-ai/dsh-session-format': 0.1.6-alpha.2(@deepseek-ai/cordis@4.0.2)
      '@deepseek-ai/dsh-session-format-v0-to-v1': 0.1.6-alpha.2(@deepseek-ai/cordis@4.0.2)
      '@deepseek-ai/dsh-util-values': 0.1.6-alpha.2(@deepseek-ai/cordis@4.0.2)

  '@deepseek-ai/dsh-session-format-v2-to-v3@0.1.6-alpha.2(@deepseek-ai/cordis@4.0.2)':
    dependencies:
      '@deepseek-ai/cordis': 4.0.2
      '@deepseek-ai/dsh-session-format': 0.1.6-alpha.2(@deepseek-ai/cordis@4.0.2)
      '@deepseek-ai/dsh-session-format-v0-to-v1': 0.1.6-alpha.2(@deepseek-ai/cordis@4.0.2)
      '@deepseek-ai/dsh-session-format-v1-to-v2': 0.1.6-alpha.2(@deepseek-ai/cordis@4.0.2)

  '@deepseek-ai/dsh-session-format@0.1.6-alpha.2(@deepseek-ai/cordis@4.0.2)':
    dependencies:
      '@deepseek-ai/cordis': 4.0.2
      '@deepseek-ai/dsh-util-values': 0.1.6-alpha.2(@deepseek-ai/cordis@4.0.2)

  '@deepseek-ai/dsh-session-projection@0.1.6-alpha.2(@deepseek-ai/cordis@4.0.2)(@deepseek-ai/dsh-session@0.1.6-alpha.2(@deepseek-ai/cordis@4.0.2)(@deepseek-ai/dsh-scope@0.1.6-alpha.2(@deepseek-ai/cordis@4.0.2)(@deepseek-ai/dsh-invariants@0.1.6-alpha.2(@deepseek-ai/cordis@4.0.2))))':
    dependencies:
      '@deepseek-ai/cordis': 4.0.2
      '@deepseek-ai/dsh-session': 0.1.6-alpha.2(@deepseek-ai/cordis@4.0.2)(@deepseek-ai/dsh-scope@0.1.6-alpha.2(@deepseek-ai/cordis@4.0.2)(@deepseek-ai/dsh-invariants@0.1.6-alpha.2(@deepseek-ai/cordis@4.0.2)))
      zod: 4.6.5

  '@deepseek-ai/dsh-session@0.1.6-alpha.2(@deepseek-ai/cordis@4.0.2)(@deepseek-ai/dsh-scope@0.1.6-alpha.2(@deepseek-ai/cordis@4.0.2)(@deepseek-ai/dsh-invariants@0.1.6-alpha.2(@deepseek-ai/cordis@4.0.2)))':
    dependencies:
      '@deepseek-ai/cordis': 4.0.2
      '@deepseek-ai/dsh-brand': 0.1.6-alpha.2(@deepseek-ai/cordis@4.0.2)
      '@deepseek-ai/dsh-llm': 0.1.6-alpha.2(@deepseek-ai/cordis@4.0.2)
      '@deepseek-ai/dsh-scope': 0.1.6-alpha.2(@deepseek-ai/cordis@4.0.2)(@deepseek-ai/dsh-invariants@0.1.6-alpha.2(@deepseek-ai/cordis@4.0.2))
      '@deepseek-ai/dsh-util-values': 0.1.6-alpha.2(@deepseek-ai/cordis@4.0.2)

  '@deepseek-ai/dsh-system-prompt@0.1.6-alpha.2(@deepseek-ai/cordis@4.0.2)(@deepseek-ai/dsh-invariants@0.1.6-alpha.2(@deepseek-ai/cordis@4.0.2))(@deepseek-ai/dsh-llm@0.1.6-alpha.2(@deepseek-ai/cordis@4.0.2))(@deepseek-ai/dsh-scope@0.1.6-alpha.2(@deepseek-ai/cordis@4.0.2)(@deepseek-ai/dsh-invariants@0.1.6-alpha.2(@deepseek-ai/cordis@4.0.2)))':
    dependencies:
      '@deepseek-ai/cordis': 4.0.2
      '@deepseek-ai/dsh-invariants': 0.1.6-alpha.2(@deepseek-ai/cordis@4.0.2)
      '@deepseek-ai/dsh-llm': 0.1.6-alpha.2(@deepseek-ai/cordis@4.0.2)
      '@deepseek-ai/dsh-scope': 0.1.6-alpha.2(@deepseek-ai/cordis@4.0.2)(@deepseek-ai/dsh-invariants@0.1.6-alpha.2(@deepseek-ai/cordis@4.0.2))
      '@deepseek-ai/schemastery': 3.18.2

  '@deepseek-ai/dsh-timeout@0.1.6-alpha.2(@deepseek-ai/cordis@4.0.2)':
    dependencies:
      '@deepseek-ai/cordis': 4.0.2

  '@deepseek-ai/dsh-typert-protocol@0.1.6-alpha.2(@deepseek-ai/cordis@4.0.2)':
    dependencies:
      '@deepseek-ai/cordis': 4.0.2

  '@deepseek-ai/dsh-util-crypto@0.1.6-alpha.2(@deepseek-ai/cordis@4.0.2)':
    dependencies:
      '@deepseek-ai/cordis': 4.0.2

  '@deepseek-ai/dsh-util-values@0.1.6-alpha.2(@deepseek-ai/cordis@4.0.2)':
    dependencies:
      '@deepseek-ai/cordis': 4.0.2

  '@deepseek-ai/schemastery@3.18.2':
    dependencies:
      '@deepseek-ai/cosmokit': 1.8.3
      '@standard-schema/spec': 1.1.0

  '@playwright/test@1.63.0':
    dependencies:
      playwright: 1.63.0

  '@standard-schema/spec@1.1.0': {}

  playwright-core@1.63.0: {}

  playwright@1.63.0:
    dependencies:
      playwright-core: 1.63.0

  zod@4.6.5: {}
